
Microsoft Visual Studio Solution File, Format Version 12.00
# Visual Studio Version 17
VisualStudioVersion = 17.4.33403.182
MinimumVisualStudioVersion = 10.0.40219.1
Project("{8BC9CEB8-8B4A-11D0-8D11-00A0C91BC942}") = "lw_1_25", "lw_1_25\lw_1_25.vcxproj", "{FE7061C5-FFF8-4619-87E3-F9BF12AECBDA}"
EndProject
Project("{8BC9CEB8-8B4A-11D0-8D11-00A0C91BC942}") = "lw1_25_tests", "lw1_25_tests\lw1_25_tests.vcxproj", "{21DA5B0E-7CFE-4B34-9215-F96C2DC70835}"
EndProject
Global
	GlobalSection(SolutionConfigurationPlatforms) = preSolution
		Debug|x64 = Debug|x64
		Debug|x86 = Debug|x86
		Release|x64 = Release|x64
		Release|x86 = Release|x86
	EndGlobalSection
	GlobalSection(ProjectConfigurationPlatforms) = postSolution
		{FE7061C5-FFF8-4619-87E3-F9BF12AECBDA}.Debug|x64.ActiveCfg = Debug|x64
		{FE7061C5-FFF8-4619-87E3-F9BF12AECBDA}.Debug|x64.Build.0 = Debug|x64
		{FE7061C5-FFF8-4619-87E3-F9BF12AECBDA}.Debug|x86.ActiveCfg = Debug|Win32
		{FE7061C5-FFF8-4619-87E3-F9BF12AECBDA}.Debug|x86.Build.0 = Debug|Win32
		{FE7061C5-FFF8-4619-87E3-F9BF12AECBDA}.Release|x64.ActiveCfg = Release|x64
		{FE7061C5-FFF8-4619-87E3-F9BF12AECBDA}.Release|x64.Build.0 = Release|x64
		{FE7061C5-FFF8-4619-87E3-F9BF12AECBDA}.Release|x86.ActiveCfg = Release|Win32
		{FE7061C5-FFF8-4619-87E3-F9BF12AECBDA}.Release|x86.Build.0 = Release|Win32
		{21DA5B0E-7CFE-4B34-9215-F96C2DC70835}.Debug|x64.ActiveCfg = Debug|x64
		{21DA5B0E-7CFE-4B34-9215-F96C2DC70835}.Debug|x64.Build.0 = Debug|x64
		{21DA5B0E-7CFE-4B34-9215-F96C2DC70835}.Debug|x86.ActiveCfg = Debug|Win32
		{21DA5B0E-7CFE-4B34-9215-F96C2DC70835}.Debug|x86.Build.0 = Debug|Win32
		{21DA5B0E-7CFE-4B34-9215-F96C2DC70835}.Release|x64.ActiveCfg = Release|x64
		{21DA5B0E-7CFE-4B34-9215-F96C2DC70835}.Release|x64.Build.0 = Release|x64
		{21DA5B0E-7CFE-4B34-9215-F96C2DC70835}.Release|x86.ActiveCfg = Release|Win32
		{21DA5B0E-7CFE-4B34-9215-F96C2DC70835}.Release|x86.Build.0 = Release|Win32
	EndGlobalSection
	GlobalSection(SolutionProperties) = preSolution
		HideSolutionNode = FALSE
	EndGlobalSection
	GlobalSection(ExtensibilityGlobals) = postSolution
		SolutionGuid = {B16DCE59-F079-4BFB-895E-200FC87DC922}
	EndGlobalSection
EndGlobal
